
Microsoft Visual Studio Solution File, Format Version 12.00
# Visual Studio Version 16
VisualStudioVersion = 16.0.30011.22
MinimumVisualStudioVersion = 10.0.40219.1
Project("{8BC9CEB8-8B4A-11D0-8D11-00A0C91BC942}") = "UnregIExample", "UnregIExample.vcxproj", "{A0B44487-A4B4-403F-A507-CF6069110DD5}"
EndProject
Global
	GlobalSection(SolutionConfigurationPlatforms) = preSolution
		Debug|x86 = Debug|x86
		Release|x86 = Release|x86
	EndGlobalSection
	GlobalSection(ProjectConfigurationPlatforms) = postSolution
		{A0B44487-A4B4-403F-A507-CF6069110DD5}.Debug|x86.ActiveCfg = Debug|Win32
		{A0B44487-A4B4-403F-A507-CF6069110DD5}.Debug|x86.Build.0 = Debug|Win32
		{A0B44487-A4B4-403F-A507-CF6069110DD5}.Release|x86.ActiveCfg = Release|Win32
		{A0B44487-A4B4-403F-A507-CF6069110DD5}.Release|x86.Build.0 = Release|Win32
	EndGlobalSection
	GlobalSection(SolutionProperties) = preSolution
		HideSolutionNode = FALSE
	EndGlobalSection
	GlobalSection(ExtensibilityGlobals) = postSolution
		SolutionGuid = {254B43FB-966A-4517-8C0B-711942754602}
	EndGlobalSection
EndGlobal
